<?xml version="1.0" encoding="UTF-8" standalone="yes" ?>
<CodeBlocks_project_file>
	<FileVersion major="1" minor="6" />
	<Project>
		<Option title="Yasg" />
		<Option pch_mode="2" />
		<Option compiler="gcc" />
		<Build>
			<Target title="Debug">
				<Option output="bin/Debug/Yasg" prefix_auto="1" extension_auto="1" />
				<Option object_output="obj/Debug/" />
				<Option type="1" />
				<Option compiler="gcc" />
				<Compiler>
					<Add option="-g" />
				</Compiler>
				<Linker>
					<Add library="sfml-graphics-s-d" />
					<Add library="sfml-window-s-d" />
					<Add library="sfml-system-s-d" />
				</Linker>
			</Target>
			<Target title="Release">
				<Option output="bin/Release/Yasg" prefix_auto="1" extension_auto="1" />
				<Option object_output="obj/Release/" />
				<Option type="1" />
				<Option compiler="gcc" />
				<Compiler>
					<Add option="-O2" />
				</Compiler>
				<Linker>
					<Add option="-s" />
					<Add library="sfml-graphics-s" />
					<Add library="sfml-window-s" />
					<Add library="sfml-system-s" />
				</Linker>
			</Target>
		</Build>
		<Compiler>
			<Add option="-Wall" />
			<Add option="-DSFML_STATIC" />
			<Add directory="D:/Programmation/SFML-2.1/include" />
		</Compiler>
		<Linker>
			<Add directory="D:/Programmation/SFML-2.1/lib" />
		</Linker>
		<Unit filename="QuadTree.cpp" />
		<Unit filename="QuadTree.hpp" />
		<Unit filename="README.md" />
		<Unit filename="Selection.cpp" />
		<Unit filename="Selection.hpp" />
		<Unit filename="Unit.cpp" />
		<Unit filename="Unit.hpp" />
		<Unit filename="Vector.cpp" />
		<Unit filename="Vector.hpp" />
		<Unit filename="Vehicule.cpp" />
		<Unit filename="Vehicule.hpp" />
		<Unit filename="defines.hpp" />
		<Unit filename="main.cpp" />
		<Extensions>
			<code_completion />
			<envvars />
			<debugger />
			<lib_finder disable_auto="1" />
		</Extensions>
	</Project>
</CodeBlocks_project_file>
